
Microsoft Visual Studio Solution File, Format Version 12.00
Project("{FAE04EC0-301F-11D3-BF4B-00C04F79EFBC}") = "TopCodingArrays", "TopCodingArrays\TopCodingArrays.csproj", "{763952CE-8517-4D65-97A4-A76D13666D75}"
EndProject
Project("{FAE04EC0-301F-11D3-BF4B-00C04F79EFBC}") = "LeetCode", "LeetCode\LeetCode.csproj", "{7E73ADBA-85FF-473D-B2BE-ABB0E17DA02F}"
EndProject
Global
	GlobalSection(SolutionConfigurationPlatforms) = preSolution
		Debug|Any CPU = Debug|Any CPU
		Release|Any CPU = Release|Any CPU
	EndGlobalSection
	GlobalSection(ProjectConfigurationPlatforms) = postSolution
		{763952CE-8517-4D65-97A4-A76D13666D75}.Debug|Any CPU.ActiveCfg = Debug|Any CPU
		{763952CE-8517-4D65-97A4-A76D13666D75}.Debug|Any CPU.Build.0 = Debug|Any CPU
		{763952CE-8517-4D65-97A4-A76D13666D75}.Release|Any CPU.ActiveCfg = Release|Any CPU
		{763952CE-8517-4D65-97A4-A76D13666D75}.Release|Any CPU.Build.0 = Release|Any CPU
		{7E73ADBA-85FF-473D-B2BE-ABB0E17DA02F}.Debug|Any CPU.ActiveCfg = Debug|Any CPU
		{7E73ADBA-85FF-473D-B2BE-ABB0E17DA02F}.Debug|Any CPU.Build.0 = Debug|Any CPU
		{7E73ADBA-85FF-473D-B2BE-ABB0E17DA02F}.Release|Any CPU.ActiveCfg = Release|Any CPU
		{7E73ADBA-85FF-473D-B2BE-ABB0E17DA02F}.Release|Any CPU.Build.0 = Release|Any CPU
	EndGlobalSection
EndGlobal
