
Microsoft Visual Studio Solution File, Format Version 12.00
Project("{FAE04EC0-301F-11D3-BF4B-00C04F79EFBC}") = "ExpressionTrees", "ExpressionTrees\ExpressionTrees.csproj", "{AAAB450B-5EC2-411B-9B09-DB43339FE356}"
EndProject
Global
	GlobalSection(SolutionConfigurationPlatforms) = preSolution
		Debug|Any CPU = Debug|Any CPU
		Release|Any CPU = Release|Any CPU
	EndGlobalSection
	GlobalSection(ProjectConfigurationPlatforms) = postSolution
		{AAAB450B-5EC2-411B-9B09-DB43339FE356}.Debug|Any CPU.ActiveCfg = Debug|Any CPU
		{AAAB450B-5EC2-411B-9B09-DB43339FE356}.Debug|Any CPU.Build.0 = Debug|Any CPU
		{AAAB450B-5EC2-411B-9B09-DB43339FE356}.Release|Any CPU.ActiveCfg = Release|Any CPU
		{AAAB450B-5EC2-411B-9B09-DB43339FE356}.Release|Any CPU.Build.0 = Release|Any CPU
	EndGlobalSection
EndGlobal
