
Microsoft Visual Studio Solution File, Format Version 12.00
Project("{FAE04EC0-301F-11D3-BF4B-00C04F79EFBC}") = "TreadsDemo", "TreadsDemo\TreadsDemo.csproj", "{651CD262-1F70-4AC3-B9EE-EC28F8FAA85A}"
EndProject
Project("{FAE04EC0-301F-11D3-BF4B-00C04F79EFBC}") = "RaceCondition", "RaceCondition\RaceCondition.csproj", "{F1785B1A-D461-4A44-97CD-C9F9113EDB72}"
EndProject
Global
	GlobalSection(SolutionConfigurationPlatforms) = preSolution
		Debug|Any CPU = Debug|Any CPU
		Release|Any CPU = Release|Any CPU
	EndGlobalSection
	GlobalSection(ProjectConfigurationPlatforms) = postSolution
		{651CD262-1F70-4AC3-B9EE-EC28F8FAA85A}.Debug|Any CPU.ActiveCfg = Debug|Any CPU
		{651CD262-1F70-4AC3-B9EE-EC28F8FAA85A}.Debug|Any CPU.Build.0 = Debug|Any CPU
		{651CD262-1F70-4AC3-B9EE-EC28F8FAA85A}.Release|Any CPU.ActiveCfg = Release|Any CPU
		{651CD262-1F70-4AC3-B9EE-EC28F8FAA85A}.Release|Any CPU.Build.0 = Release|Any CPU
		{F1785B1A-D461-4A44-97CD-C9F9113EDB72}.Debug|Any CPU.ActiveCfg = Debug|Any CPU
		{F1785B1A-D461-4A44-97CD-C9F9113EDB72}.Debug|Any CPU.Build.0 = Debug|Any CPU
		{F1785B1A-D461-4A44-97CD-C9F9113EDB72}.Release|Any CPU.ActiveCfg = Release|Any CPU
		{F1785B1A-D461-4A44-97CD-C9F9113EDB72}.Release|Any CPU.Build.0 = Release|Any CPU
	EndGlobalSection
EndGlobal
