
Microsoft Visual Studio Solution File, Format Version 12.00
Project("{FAE04EC0-301F-11D3-BF4B-00C04F79EFBC}") = "Refresh_TopCoding", "Refresh_TopCoding\Refresh_TopCoding.csproj", "{C9CC70CE-E9C5-4F15-AA6B-67AC8F9874B5}"
EndProject
Global
	GlobalSection(SolutionConfigurationPlatforms) = preSolution
		Debug|Any CPU = Debug|Any CPU
		Release|Any CPU = Release|Any CPU
	EndGlobalSection
	GlobalSection(ProjectConfigurationPlatforms) = postSolution
		{C9CC70CE-E9C5-4F15-AA6B-67AC8F9874B5}.Debug|Any CPU.ActiveCfg = Debug|Any CPU
		{C9CC70CE-E9C5-4F15-AA6B-67AC8F9874B5}.Debug|Any CPU.Build.0 = Debug|Any CPU
		{C9CC70CE-E9C5-4F15-AA6B-67AC8F9874B5}.Release|Any CPU.ActiveCfg = Release|Any CPU
		{C9CC70CE-E9C5-4F15-AA6B-67AC8F9874B5}.Release|Any CPU.Build.0 = Release|Any CPU
	EndGlobalSection
EndGlobal
